
Microsoft Visual Studio Solution File, Format Version 12.00
# Visual Studio Version 17
VisualStudioVersion = 17.8.34525.116
MinimumVisualStudioVersion = 10.0.40219.1
Project("{FAE04EC0-301F-11D3-BF4B-00C04F79EFBC}") = "DictionaryAggregateFunctions", "DictionaryAggregateFunctions.csproj", "{5AD749D7-ED08-4395-8782-59DE62C028CA}"
EndProject
Global
	GlobalSection(SolutionConfigurationPlatforms) = preSolution
		Debug|Any CPU = Debug|Any CPU
		Release|Any CPU = Release|Any CPU
	EndGlobalSection
	GlobalSection(ProjectConfigurationPlatforms) = postSolution
		{5AD749D7-ED08-4395-8782-59DE62C028CA}.Debug|Any CPU.ActiveCfg = Debug|Any CPU
		{5AD749D7-ED08-4395-8782-59DE62C028CA}.Debug|Any CPU.Build.0 = Debug|Any CPU
		{5AD749D7-ED08-4395-8782-59DE62C028CA}.Release|Any CPU.ActiveCfg = Release|Any CPU
		{5AD749D7-ED08-4395-8782-59DE62C028CA}.Release|Any CPU.Build.0 = Release|Any CPU
	EndGlobalSection
	GlobalSection(SolutionProperties) = preSolution
		HideSolutionNode = FALSE
	EndGlobalSection
	GlobalSection(ExtensibilityGlobals) = postSolution
		SolutionGuid = {D2522B8E-0D22-4E4A-828A-B021EBAD5A1B}
	EndGlobalSection
EndGlobal
