
Microsoft Visual Studio Solution File, Format Version 12.00
# Visual Studio Version 17
VisualStudioVersion = 17.8.34525.116
MinimumVisualStudioVersion = 10.0.40219.1
Project("{FAE04EC0-301F-11D3-BF4B-00C04F79EFBC}") = "JagedArray", "JagedArray.csproj", "{190E0D8C-6190-48DC-9402-1959E087B291}"
EndProject
Global
	GlobalSection(SolutionConfigurationPlatforms) = preSolution
		Debug|Any CPU = Debug|Any CPU
		Release|Any CPU = Release|Any CPU
	EndGlobalSection
	GlobalSection(ProjectConfigurationPlatforms) = postSolution
		{190E0D8C-6190-48DC-9402-1959E087B291}.Debug|Any CPU.ActiveCfg = Debug|Any CPU
		{190E0D8C-6190-48DC-9402-1959E087B291}.Debug|Any CPU.Build.0 = Debug|Any CPU
		{190E0D8C-6190-48DC-9402-1959E087B291}.Release|Any CPU.ActiveCfg = Release|Any CPU
		{190E0D8C-6190-48DC-9402-1959E087B291}.Release|Any CPU.Build.0 = Release|Any CPU
	EndGlobalSection
	GlobalSection(SolutionProperties) = preSolution
		HideSolutionNode = FALSE
	EndGlobalSection
	GlobalSection(ExtensibilityGlobals) = postSolution
		SolutionGuid = {10E13E56-FE04-465C-8387-86ADC6A60FD3}
	EndGlobalSection
EndGlobal
