
Microsoft Visual Studio Solution File, Format Version 12.00
# Visual Studio Version 17
VisualStudioVersion = 17.11.35327.3
MinimumVisualStudioVersion = 10.0.40219.1
Project("{FAE04EC0-301F-11D3-BF4B-00C04F79EFBC}") = "RunAllSqlScriptsAtOnce", "RunAllSqlScriptsAtOnce\RunAllSqlScriptsAtOnce.csproj", "{4E353CD0-995F-4368-8746-18C547F18887}"
EndProject
Global
	GlobalSection(SolutionConfigurationPlatforms) = preSolution
		Debug|Any CPU = Debug|Any CPU
		Release|Any CPU = Release|Any CPU
	EndGlobalSection
	GlobalSection(ProjectConfigurationPlatforms) = postSolution
		{4E353CD0-995F-4368-8746-18C547F18887}.Debug|Any CPU.ActiveCfg = Debug|Any CPU
		{4E353CD0-995F-4368-8746-18C547F18887}.Debug|Any CPU.Build.0 = Debug|Any CPU
		{4E353CD0-995F-4368-8746-18C547F18887}.Release|Any CPU.ActiveCfg = Release|Any CPU
		{4E353CD0-995F-4368-8746-18C547F18887}.Release|Any CPU.Build.0 = Release|Any CPU
	EndGlobalSection
	GlobalSection(SolutionProperties) = preSolution
		HideSolutionNode = FALSE
	EndGlobalSection
	GlobalSection(ExtensibilityGlobals) = postSolution
		SolutionGuid = {68178107-679D-40AE-B499-ACC99C7A1080}
	EndGlobalSection
EndGlobal
