
Microsoft Visual Studio Solution File, Format Version 12.00
# Visual Studio Version 17
VisualStudioVersion = 17.8.34525.116
MinimumVisualStudioVersion = 10.0.40219.1
Project("{FAE04EC0-301F-11D3-BF4B-00C04F79EFBC}") = "Unboxing", "Unboxing\Unboxing.csproj", "{C3906320-03CD-40B3-B0B7-2E5E1FFBC52C}"
EndProject
Global
	GlobalSection(SolutionConfigurationPlatforms) = preSolution
		Debug|Any CPU = Debug|Any CPU
		Release|Any CPU = Release|Any CPU
	EndGlobalSection
	GlobalSection(ProjectConfigurationPlatforms) = postSolution
		{C3906320-03CD-40B3-B0B7-2E5E1FFBC52C}.Debug|Any CPU.ActiveCfg = Debug|Any CPU
		{C3906320-03CD-40B3-B0B7-2E5E1FFBC52C}.Debug|Any CPU.Build.0 = Debug|Any CPU
		{C3906320-03CD-40B3-B0B7-2E5E1FFBC52C}.Release|Any CPU.ActiveCfg = Release|Any CPU
		{C3906320-03CD-40B3-B0B7-2E5E1FFBC52C}.Release|Any CPU.Build.0 = Release|Any CPU
	EndGlobalSection
	GlobalSection(SolutionProperties) = preSolution
		HideSolutionNode = FALSE
	EndGlobalSection
	GlobalSection(ExtensibilityGlobals) = postSolution
		SolutionGuid = {0EF54964-8059-4225-ADA5-07E1F63BF12E}
	EndGlobalSection
EndGlobal
